
Microsoft Visual Studio Solution File, Format Version 12.00
# Visual Studio 15
VisualStudioVersion = 15.0.26730.16
MinimumVisualStudioVersion = 10.0.40219.1
Project("{FAE04EC0-301F-11D3-BF4B-00C04F79EFBC}") = "Test", "Test\Test.csproj", "{BADC691B-17AF-4D5E-B0E2-585279070925}"
EndProject
Global
	GlobalSection(SolutionConfigurationPlatforms) = preSolution
		Debug|Any CPU = Debug|Any CPU
		Release|Any CPU = Release|Any CPU
	EndGlobalSection
	GlobalSection(ProjectConfigurationPlatforms) = postSolution
		{BADC691B-17AF-4D5E-B0E2-585279070925}.Debug|Any CPU.ActiveCfg = Debug|Any CPU
		{BADC691B-17AF-4D5E-B0E2-585279070925}.Debug|Any CPU.Build.0 = Debug|Any CPU
		{BADC691B-17AF-4D5E-B0E2-585279070925}.Release|Any CPU.ActiveCfg = Release|Any CPU
		{BADC691B-17AF-4D5E-B0E2-585279070925}.Release|Any CPU.Build.0 = Release|Any CPU
	EndGlobalSection
	GlobalSection(SolutionProperties) = preSolution
		HideSolutionNode = FALSE
	EndGlobalSection
	GlobalSection(ExtensibilityGlobals) = postSolution
		SolutionGuid = {788A3C2A-2AEE-4704-AE40-767095D235A3}
	EndGlobalSection
EndGlobal
